
Microsoft Visual Studio Solution File, Format Version 12.00
# Visual Studio Version 17
VisualStudioVersion = 17.2.32630.192
MinimumVisualStudioVersion = 10.0.40219.1
Project("{FAE04EC0-301F-11D3-BF4B-00C04F79EFBC}") = "AutoPharma", "AutoPharma\AutoPharma.csproj", "{A44F8ACA-BF86-47C4-A85F-1A656FFAE59B}"
EndProject
Global
	GlobalSection(SolutionConfigurationPlatforms) = preSolution
		Debug|Any CPU = Debug|Any CPU
		Release|Any CPU = Release|Any CPU
	EndGlobalSection
	GlobalSection(ProjectConfigurationPlatforms) = postSolution
		{A44F8ACA-BF86-47C4-A85F-1A656FFAE59B}.Debug|Any CPU.ActiveCfg = Debug|Any CPU
		{A44F8ACA-BF86-47C4-A85F-1A656FFAE59B}.Debug|Any CPU.Build.0 = Debug|Any CPU
		{A44F8ACA-BF86-47C4-A85F-1A656FFAE59B}.Release|Any CPU.ActiveCfg = Release|Any CPU
		{A44F8ACA-BF86-47C4-A85F-1A656FFAE59B}.Release|Any CPU.Build.0 = Release|Any CPU
	EndGlobalSection
	GlobalSection(SolutionProperties) = preSolution
		HideSolutionNode = FALSE
	EndGlobalSection
	GlobalSection(ExtensibilityGlobals) = postSolution
		SolutionGuid = {95F50DC0-B016-473A-9A35-D245E00C4FAA}
	EndGlobalSection
EndGlobal
